<?xml version="1.0" encoding="utf-8"?>
<Project ToolsVersion="4.0" xmlns="http://schemas.microsoft.com/developer/msbuild/2003">
  <ItemGroup>
    <Filter Include="Source Files">
      <UniqueIdentifier>{4FC737F1-C7A5-4376-A066-2A32D752A2FF}</UniqueIdentifier>
      <Extensions>cpp;c;cc;cxx;c++;def;odl;idl;hpj;bat;asm;asmx</Extensions>
    </Filter>
    <Filter Include="Header Files">
      <UniqueIdentifier>{93995380-89BD-4b04-88EB-625FBE52EBFB}</UniqueIdentifier>
      <Extensions>h;hh;hpp;hxx;h++;hm;inl;inc;ipp;xsd</Extensions>
    </Filter>
    <Filter Include="Resource Files">
      <UniqueIdentifier>{67DA6AB6-F800-4c08-8B7A-83BB121AAD01}</UniqueIdentifier>
      <Extensions>rc;ico;cur;bmp;dlg;rc2;rct;bin;rgs;gif;jpg;jpeg;jpe;resx;tiff;tif;png;wav;mfcribbon-ms</Extensions>
    </Filter>
    <Filter Include="Source Files\Base">
      <UniqueIdentifier>{6a1a752a-23d1-468d-a44d-76a51a78eac6}</UniqueIdentifier>
    </Filter>
    <Filter Include="Source Files\Graphical">
      <UniqueIdentifier>{fa54e3a3-297c-4a57-bfef-589747be7bc7}</UniqueIdentifier>
    </Filter>
    <Filter Include="Source Files\Rnvntn Widgets">
      <UniqueIdentifier>{22055315-4ebd-4c3c-9375-6f8a48727731}</UniqueIdentifier>
    </Filter>
  </ItemGroup>
  <ItemGroup>
    <ClInclude Include="assets\resource.h">
      <Filter>Header Files</Filter>
    </ClInclude>
    <ClInclude Include="src\Rnvntn\rnvntn.h">
      <Filter>Header Files</Filter>
    </ClInclude>
    <ClInclude Include="src\malarga.h">
      <Filter>Header Files</Filter>
    </ClInclude>
    <ClInclude Include="src\Rnvntn\rnimpl.h">
      <Filter>Header Files</Filter>
    </ClInclude>
    <ClInclude Include="src\Rnvntn\rncrtdef.h">
      <Filter>Header Files</Filter>
    </ClInclude>
    <ClInclude Include="src\Graphical\malarga_gui.h">
      <Filter>Header Files</Filter>
    </ClInclude>
    <ClInclude Include="src\malarga_model.h">
      <Filter>Header Files</Filter>
    </ClInclude>
  </ItemGroup>
  <ItemGroup>
    <Image Include="assets\icon.ico">
      <Filter>Resource Files</Filter>
    </Image>
  </ItemGroup>
  <ItemGroup>
    <ClCompile Include="src\ArenaModel.cpp">
      <Filter>Source Files\Base</Filter>
    </ClCompile>
    <ClCompile Include="src\PlayerController.cpp">
      <Filter>Source Files\Base</Filter>
    </ClCompile>
    <ClCompile Include="src\RecordManager.cpp">
      <Filter>Source Files\Base</Filter>
    </ClCompile>
    <ClCompile Include="src\Rnvntn\RnButton.cpp">
      <Filter>Source Files\Rnvntn Widgets</Filter>
    </ClCompile>
    <ClCompile Include="src\Rnvntn\RnCombo.cpp">
      <Filter>Source Files\Rnvntn Widgets</Filter>
    </ClCompile>
    <ClCompile Include="src\Rnvntn\RnHourglass.cpp">
      <Filter>Source Files\Rnvntn Widgets</Filter>
    </ClCompile>
    <ClCompile Include="src\Rnvntn\RnImage.cpp">
      <Filter>Source Files\Rnvntn Widgets</Filter>
    </ClCompile>
    <ClCompile Include="src\Rnvntn\RnLabel.cpp">
      <Filter>Source Files\Rnvntn Widgets</Filter>
    </ClCompile>
    <ClCompile Include="src\Rnvntn\RnTextbox.cpp">
      <Filter>Source Files\Rnvntn Widgets</Filter>
    </ClCompile>
    <ClCompile Include="src\Rnvntn\RnWidget.cpp">
      <Filter>Source Files\Rnvntn Widgets</Filter>
    </ClCompile>
    <ClCompile Include="src\Rnvntn\RnWindow.cpp">
      <Filter>Source Files\Rnvntn Widgets</Filter>
    </ClCompile>
    <ClCompile Include="src\Rnvntn\RnImpl%40EasyX.cpp">
      <Filter>Source Files\Rnvntn Widgets</Filter>
    </ClCompile>
    <ClCompile Include="src\Graphical\AddView.cpp">
      <Filter>Source Files\Graphical</Filter>
    </ClCompile>
    <ClCompile Include="src\Graphical\ArenaView.cpp">
      <Filter>Source Files\Graphical</Filter>
    </ClCompile>
    <ClCompile Include="src\Graphical\RecordView.cpp">
      <Filter>Source Files\Graphical</Filter>
    </ClCompile>
    <ClCompile Include="src\Graphical\MsgViewProvider.cpp">
      <Filter>Source Files\Graphical</Filter>
    </ClCompile>
    <ClCompile Include="src\ArenaSyncProvider%40winsock2.cpp">
      <Filter>Source Files\Base</Filter>
    </ClCompile>
    <ClCompile Include="src\EnvProvider%40win32.cpp">
      <Filter>Source Files\Base</Filter>
    </ClCompile>
    <ClCompile Include="src\NavigatorProvider%40default.cpp">
      <Filter>Source Files\Base</Filter>
    </ClCompile>
    <ClCompile Include="src\Graphical\GameInstance.cpp">
      <Filter>Source Files\Graphical</Filter>
    </ClCompile>
    <ClCompile Include="src\Graphical\Main.cpp">
      <Filter>Source Files\Graphical</Filter>
    </ClCompile>
  </ItemGroup>
  <ItemGroup>
    <ResourceCompile Include="assets\Malarga.rc">
      <Filter>Resource Files</Filter>
    </ResourceCompile>
  </ItemGroup>
</Project>